<?xml version="1.0" encoding="utf-8"?>
<Project ToolsVersion="4.0" xmlns="http://schemas.microsoft.com/developer/msbuild/2003">
  <ItemGroup>
    <Filter Include="Source Files">
      <UniqueIdentifier>{4FC737F1-C7A5-4376-A066-2A32D752A2FF}</UniqueIdentifier>
      <Extensions>cpp;c;cc;cxx;def;odl;idl;hpj;bat;asm;asmx</Extensions>
    </Filter>
    <Filter Include="Header Files">
      <UniqueIdentifier>{93995380-89BD-4b04-88EB-625FBE52EBFB}</UniqueIdentifier>
      <Extensions>h;hh;hpp;hxx;hm;inl;inc;ipp;xsd</Extensions>
    </Filter>
    <Filter Include="Resource Files">
      <UniqueIdentifier>{67DA6AB6-F800-4c08-8B7A-83BB121AAD01}</UniqueIdentifier>
      <Extensions>rc;ico;cur;bmp;dlg;rc2;rct;bin;rgs;gif;jpg;jpeg;jpe;resx;tiff;tif;png;wav;mfcribbon-ms</Extensions>
    </Filter>
    <Filter Include="Source Files\Primitives">
      <UniqueIdentifier>{680af601-3086-4d7c-93c4-c1cd2113d306}</UniqueIdentifier>
    </Filter>
    <Filter Include="Header Files\Base">
      <UniqueIdentifier>{281f9594-8f0b-483d-a9a4-a61c82c8e0b3}</UniqueIdentifier>
    </Filter>
    <Filter Include="Header Files\Primitives">
      <UniqueIdentifier>{cc586578-68da-41e2-a461-813047db0982}</UniqueIdentifier>
    </Filter>
    <Filter Include="Source Files\Libraries">
      <UniqueIdentifier>{cae0eddc-e983-48ff-a5c2-8daf95404276}</UniqueIdentifier>
    </Filter>
    <Filter Include="Header Files\Libraries">
      <UniqueIdentifier>{8197c4a3-db45-4d92-a468-db92090e0ae4}</UniqueIdentifier>
    </Filter>
    <Filter Include="Header Files\Libraries\ObjLoader">
      <UniqueIdentifier>{f5a3dfad-5fac-4151-8a3b-decb3a77bee2}</UniqueIdentifier>
    </Filter>
    <Filter Include="Source Files\Libraries\ObjLoader">
      <UniqueIdentifier>{d296bd28-c110-48c6-8fbb-fd66e8a04b26}</UniqueIdentifier>
    </Filter>
    <Filter Include="Header Files\Window">
      <UniqueIdentifier>{86e93e91-f2ad-4849-8f90-d870c45710f7}</UniqueIdentifier>
    </Filter>
    <Filter Include="Source Files\Window">
      <UniqueIdentifier>{79007686-299a-4471-b779-804293a0cd6a}</UniqueIdentifier>
    </Filter>
    <Filter Include="Source Files\Utils">
      <UniqueIdentifier>{1bcac420-5e84-4dd5-a663-d761e235d2c5}</UniqueIdentifier>
    </Filter>
    <Filter Include="Header Files\Utils">
      <UniqueIdentifier>{48e72840-8891-4d35-882c-5cb8bdcf8164}</UniqueIdentifier>
    </Filter>
  </ItemGroup>
  <ItemGroup>
    <ClCompile Include="RayTracing.cpp">
      <Filter>Source Files</Filter>
    </ClCompile>
    <ClCompile Include="Primitives\Sphere.cpp">
      <Filter>Source Files\Primitives</Filter>
    </ClCompile>
    <ClCompile Include="Primitives\Plane.cpp">
      <Filter>Source Files\Primitives</Filter>
    </ClCompile>
    <ClCompile Include="Primitives\Triangle.cpp">
      <Filter>Source Files\Primitives</Filter>
    </ClCompile>
    <ClCompile Include="Libraries\objloader\objloader.cpp">
      <Filter>Source Files\Libraries\ObjLoader</Filter>
    </ClCompile>
    <ClCompile Include="Window\RenderSurface.cpp">
      <Filter>Source Files\Window</Filter>
    </ClCompile>
    <ClCompile Include="Window\Window.cpp">
      <Filter>Source Files\Window</Filter>
    </ClCompile>
    <ClCompile Include="Utils\Clock.cpp">
      <Filter>Source Files\Utils</Filter>
    </ClCompile>
    <ClCompile Include="Utils\Camera.cpp">
      <Filter>Source Files\Utils</Filter>
    </ClCompile>
    <ClCompile Include="Utils\BoundingBox.cpp">
      <Filter>Source Files\Utils</Filter>
    </ClCompile>
    <ClCompile Include="Primitives\Object.cpp">
      <Filter>Source Files\Primitives</Filter>
    </ClCompile>
  </ItemGroup>
  <ItemGroup>
    <ClInclude Include="Primitives\Sphere.h">
      <Filter>Header Files\Primitives</Filter>
    </ClInclude>
    <ClInclude Include="Primitives\Plane.h">
      <Filter>Header Files\Primitives</Filter>
    </ClInclude>
    <ClInclude Include="Primitives\Triangle.h">
      <Filter>Header Files\Primitives</Filter>
    </ClInclude>
    <ClInclude Include="Libraries\objloader\objloader.h">
      <Filter>Header Files\Libraries\ObjLoader</Filter>
    </ClInclude>
    <ClInclude Include="Window\RenderSurface.h">
      <Filter>Header Files\Window</Filter>
    </ClInclude>
    <ClInclude Include="Window\Window.h">
      <Filter>Header Files\Window</Filter>
    </ClInclude>
    <ClInclude Include="Base\Colour.h">
      <Filter>Header Files\Base</Filter>
    </ClInclude>
    <ClInclude Include="Utils\Clock.h">
      <Filter>Header Files\Utils</Filter>
    </ClInclude>
    <ClInclude Include="Utils\Ray.h">
      <Filter>Header Files\Utils</Filter>
    </ClInclude>
    <ClInclude Include="Utils\Camera.h">
      <Filter>Header Files\Utils</Filter>
    </ClInclude>
    <ClInclude Include="Utils\Light.h">
      <Filter>Header Files\Utils</Filter>
    </ClInclude>
    <ClInclude Include="Utils\HitInfo.h">
      <Filter>Header Files\Utils</Filter>
    </ClInclude>
    <ClInclude Include="Utils\BoundingBox.h">
      <Filter>Header Files\Utils</Filter>
    </ClInclude>
    <ClInclude Include="Base\Mesh.h">
      <Filter>Header Files\Base</Filter>
    </ClInclude>
    <ClInclude Include="Base\Object_Base.h">
      <Filter>Header Files\Base</Filter>
    </ClInclude>
    <ClInclude Include="Primitives\Object.h">
      <Filter>Header Files\Primitives</Filter>
    </ClInclude>
    <ClInclude Include="Utils\Keyboard.h">
      <Filter>Header Files\Utils</Filter>
    </ClInclude>
    <ClInclude Include="Utils\CustomKeyCodes.h">
      <Filter>Header Files\Utils</Filter>
    </ClInclude>
  </ItemGroup>
</Project>